
Microsoft Visual Studio Solution File, Format Version 12.00
# Visual Studio Version 17
VisualStudioVersion = 17.5.2.0
MinimumVisualStudioVersion = 10.0.40219.1
Project("{FAE04EC0-301F-11D3-BF4B-00C04F79EFBC}") = "TextToXmlApiNet", "TextToXmlApiNet.csproj", "{ECBC20CC-ADC5-9C84-EF19-9B52451659B6}"
EndProject
Project("{FAE04EC0-301F-11D3-BF4B-00C04F79EFBC}") = "TextToXmlApiNet.Tests", "TextToXmlApiNet.Tests\TextToXmlApiNet.Tests.csproj", "{63B3315B-C454-4555-9E88-5B37B2C19187}"
EndProject
Project("{FAE04EC0-301F-11D3-BF4B-00C04F79EFBC}") = "TextToXmlApiNet.Benchmark", "TextToXmlApiNet.Benchmark\TextToXmlApiNet.Benchmark.csproj", "{CC1A5F4A-21F9-4850-A9C7-90AAD75C0041}"
EndProject
Global
	GlobalSection(SolutionConfigurationPlatforms) = preSolution
		Debug|Any CPU = Debug|Any CPU
		Debug|x64 = Debug|x64
		Debug|x86 = Debug|x86
		Release|Any CPU = Release|Any CPU
		Release|x64 = Release|x64
		Release|x86 = Release|x86
	EndGlobalSection
	GlobalSection(ProjectConfigurationPlatforms) = postSolution
		{ECBC20CC-ADC5-9C84-EF19-9B52451659B6}.Debug|Any CPU.ActiveCfg = Debug|Any CPU
		{ECBC20CC-ADC5-9C84-EF19-9B52451659B6}.Debug|Any CPU.Build.0 = Debug|Any CPU
		{ECBC20CC-ADC5-9C84-EF19-9B52451659B6}.Debug|x64.ActiveCfg = Debug|Any CPU
		{ECBC20CC-ADC5-9C84-EF19-9B52451659B6}.Debug|x64.Build.0 = Debug|Any CPU
		{ECBC20CC-ADC5-9C84-EF19-9B52451659B6}.Debug|x86.ActiveCfg = Debug|Any CPU
		{ECBC20CC-ADC5-9C84-EF19-9B52451659B6}.Debug|x86.Build.0 = Debug|Any CPU
		{ECBC20CC-ADC5-9C84-EF19-9B52451659B6}.Release|Any CPU.ActiveCfg = Release|Any CPU
		{ECBC20CC-ADC5-9C84-EF19-9B52451659B6}.Release|Any CPU.Build.0 = Release|Any CPU
		{ECBC20CC-ADC5-9C84-EF19-9B52451659B6}.Release|x64.ActiveCfg = Release|Any CPU
		{ECBC20CC-ADC5-9C84-EF19-9B52451659B6}.Release|x64.Build.0 = Release|Any CPU
		{ECBC20CC-ADC5-9C84-EF19-9B52451659B6}.Release|x86.ActiveCfg = Release|Any CPU
		{ECBC20CC-ADC5-9C84-EF19-9B52451659B6}.Release|x86.Build.0 = Release|Any CPU
		{63B3315B-C454-4555-9E88-5B37B2C19187}.Debug|Any CPU.ActiveCfg = Debug|Any CPU
		{63B3315B-C454-4555-9E88-5B37B2C19187}.Debug|Any CPU.Build.0 = Debug|Any CPU
		{63B3315B-C454-4555-9E88-5B37B2C19187}.Debug|x64.ActiveCfg = Debug|Any CPU
		{63B3315B-C454-4555-9E88-5B37B2C19187}.Debug|x64.Build.0 = Debug|Any CPU
		{63B3315B-C454-4555-9E88-5B37B2C19187}.Debug|x86.ActiveCfg = Debug|Any CPU
		{63B3315B-C454-4555-9E88-5B37B2C19187}.Debug|x86.Build.0 = Debug|Any CPU
		{63B3315B-C454-4555-9E88-5B37B2C19187}.Release|Any CPU.ActiveCfg = Release|Any CPU
		{63B3315B-C454-4555-9E88-5B37B2C19187}.Release|Any CPU.Build.0 = Release|Any CPU
		{63B3315B-C454-4555-9E88-5B37B2C19187}.Release|x64.ActiveCfg = Release|Any CPU
		{63B3315B-C454-4555-9E88-5B37B2C19187}.Release|x64.Build.0 = Release|Any CPU
		{63B3315B-C454-4555-9E88-5B37B2C19187}.Release|x86.ActiveCfg = Release|Any CPU
		{63B3315B-C454-4555-9E88-5B37B2C19187}.Release|x86.Build.0 = Release|Any CPU
		{CC1A5F4A-21F9-4850-A9C7-90AAD75C0041}.Debug|Any CPU.ActiveCfg = Debug|Any CPU
		{CC1A5F4A-21F9-4850-A9C7-90AAD75C0041}.Debug|Any CPU.Build.0 = Debug|Any CPU
		{CC1A5F4A-21F9-4850-A9C7-90AAD75C0041}.Debug|x64.ActiveCfg = Debug|Any CPU
		{CC1A5F4A-21F9-4850-A9C7-90AAD75C0041}.Debug|x64.Build.0 = Debug|Any CPU
		{CC1A5F4A-21F9-4850-A9C7-90AAD75C0041}.Debug|x86.ActiveCfg = Debug|Any CPU
		{CC1A5F4A-21F9-4850-A9C7-90AAD75C0041}.Debug|x86.Build.0 = Debug|Any CPU
		{CC1A5F4A-21F9-4850-A9C7-90AAD75C0041}.Release|Any CPU.ActiveCfg = Release|Any CPU
		{CC1A5F4A-21F9-4850-A9C7-90AAD75C0041}.Release|Any CPU.Build.0 = Release|Any CPU
		{CC1A5F4A-21F9-4850-A9C7-90AAD75C0041}.Release|x64.ActiveCfg = Release|Any CPU
		{CC1A5F4A-21F9-4850-A9C7-90AAD75C0041}.Release|x64.Build.0 = Release|Any CPU
		{CC1A5F4A-21F9-4850-A9C7-90AAD75C0041}.Release|x86.ActiveCfg = Release|Any CPU
		{CC1A5F4A-21F9-4850-A9C7-90AAD75C0041}.Release|x86.Build.0 = Release|Any CPU
	EndGlobalSection
	GlobalSection(SolutionProperties) = preSolution
		HideSolutionNode = FALSE
	EndGlobalSection
	GlobalSection(ExtensibilityGlobals) = postSolution
		SolutionGuid = {68F66659-ECD5-4DD6-A768-DA67C43CE6E2}
	EndGlobalSection
EndGlobal
